
Microsoft Visual Studio Solution File, Format Version 12.00
# Visual Studio Version 17
VisualStudioVersion = 17.8.34316.72
MinimumVisualStudioVersion = 10.0.40219.1
Project("{FAE04EC0-301F-11D3-BF4B-00C04F79EFBC}") = "StudentManagementAPI", "StudentManagementAPI\StudentManagementAPI.csproj", "{C67C8615-B833-4AFB-B4B1-B0EABBC7F941}"
EndProject
Global
	GlobalSection(SolutionConfigurationPlatforms) = preSolution
		Debug|Any CPU = Debug|Any CPU
		Release|Any CPU = Release|Any CPU
	EndGlobalSection
	GlobalSection(ProjectConfigurationPlatforms) = postSolution
		{C67C8615-B833-4AFB-B4B1-B0EABBC7F941}.Debug|Any CPU.ActiveCfg = Debug|Any CPU
		{C67C8615-B833-4AFB-B4B1-B0EABBC7F941}.Debug|Any CPU.Build.0 = Debug|Any CPU
		{C67C8615-B833-4AFB-B4B1-B0EABBC7F941}.Release|Any CPU.ActiveCfg = Release|Any CPU
		{C67C8615-B833-4AFB-B4B1-B0EABBC7F941}.Release|Any CPU.Build.0 = Release|Any CPU
	EndGlobalSection
	GlobalSection(SolutionProperties) = preSolution
		HideSolutionNode = FALSE
	EndGlobalSection
	GlobalSection(ExtensibilityGlobals) = postSolution
		SolutionGuid = {020E4F8C-FC3E-4C6D-A50B-36D5888EF957}
	EndGlobalSection
EndGlobal
